
Microsoft Visual Studio Solution File, Format Version 12.00
# Visual Studio Version 17
VisualStudioVersion = 17.2.32616.157
MinimumVisualStudioVersion = 10.0.40219.1
Project("{FAE04EC0-301F-11D3-BF4B-00C04F79EFBC}") = "SD-330-W22SD-Labs", "SD-330-W22SD-Labs\SD-330-W22SD-Labs.csproj", "{5948EFAC-BDC4-4D31-B765-475E724D1F3E}"
EndProject
Global
	GlobalSection(SolutionConfigurationPlatforms) = preSolution
		Debug|Any CPU = Debug|Any CPU
		Release|Any CPU = Release|Any CPU
	EndGlobalSection
	GlobalSection(ProjectConfigurationPlatforms) = postSolution
		{5948EFAC-BDC4-4D31-B765-475E724D1F3E}.Debug|Any CPU.ActiveCfg = Debug|Any CPU
		{5948EFAC-BDC4-4D31-B765-475E724D1F3E}.Debug|Any CPU.Build.0 = Debug|Any CPU
		{5948EFAC-BDC4-4D31-B765-475E724D1F3E}.Release|Any CPU.ActiveCfg = Release|Any CPU
		{5948EFAC-BDC4-4D31-B765-475E724D1F3E}.Release|Any CPU.Build.0 = Release|Any CPU
	EndGlobalSection
	GlobalSection(SolutionProperties) = preSolution
		HideSolutionNode = FALSE
	EndGlobalSection
	GlobalSection(ExtensibilityGlobals) = postSolution
		SolutionGuid = {FB43228C-4C80-4073-877F-124753B1A513}
	EndGlobalSection
EndGlobal
